DATABASE_NAME=ENC[AES256_GCM,data:rtkK0rpkmsfICw==,iv:w8uDKcQHLrv0T48aA6bMznv0Pmz2s72uT4wvVCppx5E=,tag:Og0DmemaN1xMsTwguG+Z3A==,type:str]
DATABASE_USERNAME=ENC[AES256_GCM,data:zEy9YCVdLrk=,iv:I1QK/R5raU3CoCvrxeTyy1WeIFZvYjIvNu3lekUvdiU=,tag:YT/2W/Sp1mQ1rNfLZbXdsQ==,type:str]
DATABASE_PASSWORD=ENC[AES256_GCM,data:1Ms0Oh5nfKk=,iv:2oqffWrrZlRWqRfkq6YiJ2RqHBBVAP+68je5pHj+2TY=,tag:Xk3dGamYBKwkO7zgRKlFxA==,type:str]
DATABASE_PORT=ENC[AES256_GCM,data:pudQqA==,iv:fWeE4jPbULxjxK1hqf0V8sRm0uNy5dlWLJnkWKJsklQ=,tag:OnLqBwcO0Dxpzy/yyUe6Ig==,type:str]
sops_age__list_0__map_enc=-----BEGIN AGE ENCRYPTED FILE-----\nYWdlLWVuY3J5cHRpb24ub3JnL3YxCi0+IFgyNTUxOSBLMStrK1R3M1ZtRGM2b3lm\ndHA1L1FUYnFjbDRKVDVIbGhkbjZwanhGV1RvCklVVVA4dDFJOFc4Uyt1aFF3bkJK\nV3BrNUlXeVV1ZU9OdG5jZGpXcnh6MDQKLS0tIEQ5b3R4MURhMWUzcjdvbXNOajNL\nMkhIMWl3R1dvUnRTYmZEdnVnUEZiUm8K/hm8JtLUFp2r1VI6gpxJFmBzCnl3x5h4\nIXIpo8Dv+D901+VfEh7h1xe+w5XKfmGNZYEZZf1LXVekZE/AOMFi8A==\n-----END AGE ENCRYPTED FILE-----\n
sops_age__list_0__map_recipient=age1mmg85phratgkv7fc9w22qafuwyq2h8rfpmrqn47jcvnn57dp79gsv038km
sops_age__list_1__map_enc=-----BEGIN AGE ENCRYPTED FILE-----\nYWdlLWVuY3J5cHRpb24ub3JnL3YxCi0+IFgyNTUxOSBocUs3cXduU0NjeklFMm0x\nZjl4ekdJQUlWWWNkejF2Wmlsb3MyK2xVYmc0Cm4xalFiWkVTQktQY2xqMi84VUhz\nSFZ6OWJzKy9lZG9MVzczK1d2cXFaMXcKLS0tIFI0WWNSRjVJdmxWZkg1anFHTWNQ\nOVlBZGZMcUVoQ2lhb3Znb2VkMFhlNzAKRm/svKwd/gSSUKfjBWK/xlHzQBL3D8Xq\nTrzh1iNrue0/cjC2CJ9swoKF6dMa/JbnQL2CPVNWmVU/zYGhD+9CEw==\n-----END AGE ENCRYPTED FILE-----\n
sops_age__list_1__map_recipient=age19j34kscpqkt0c5f02qv597ht3vh6fqa7aysr70yq9v0rh2e8rymsgj057h
sops_lastmodified=2025-07-28T07:54:32Z
sops_mac=ENC[AES256_GCM,data:OO1iqCVfWXfPocNKhfzVJB84Ligg6cxIGc3V6VGWg8enKVzl7vxUOcof7w/i+9x3NT60mmcCbJuZt2VXmMIi/WQJ1I5+GCipMVe2t8gzJMUOWrGD0cbrHdR3I88rAHQ7nWOb+HrmU0h/q+g+K5Kd2HNBcBTZG+KDUQOwMUV+zVA=,iv:mJ7z524e8WVZIHpRFS+MACWJGzQCbMCJL4uGcP7AGL8=,tag:ZF9MZN45xmAN/WyOM/rE7Q==,type:str]
sops_unencrypted_suffix=_unencrypted
sops_version=3.10.2
