ENVIRONMENT=ENC[AES256_GCM,data:JtwblryRyzjryqo=,iv:HhcgvrRcSv6uQ1HTU0leEoO0CwEpTk6AeI1MCFeuxQw=,tag:Vd60yDPnGKDmGJe+qOAKbg==,type:str]
LOG_LEVEL=ENC[AES256_GCM,data:GoN/+zA=,iv:hMxdRIXQpRGyWocHRYng+sFFND5gpxvszlj4tQA9BLc=,tag:0rMleIBe71CHQPmgdHZNpw==,type:str]
sops_age__list_0__map_enc=-----BEGIN AGE ENCRYPTED FILE-----\nYWdlLWVuY3J5cHRpb24ub3JnL3YxCi0+IFgyNTUxOSB6S3JmTWFFRDN4RFVBRUcz\nSkhLWDlKcTI1d2ZsR09SL0ZMZkZkMVlxSlNVCkNVMnM5R0ppQ05maktQSXREZW5B\nQ3VhdDNzbXB4aU5uMHV4VlRtQjVyMm8KLS0tIHFZemVWSjhWbHdCMHIxTXIyQnJG\nblllNWlWM1NkQnBYSS9LMGxDMndSMWsKMgnXcQB7deyqaKTLP2IzgDcjKILy6D8d\nOJ7h1/Yt9S2kgBn4JnJ5Os4CpfhNHoGumyYzdoqeMM9S74yh5cCjBw==\n-----END AGE ENCRYPTED FILE-----\n
sops_age__list_0__map_recipient=age19j34kscpqkt0c5f02qv597ht3vh6fqa7aysr70yq9v0rh2e8rymsgj057h
sops_lastmodified=2025-07-11T18:33:19Z
sops_mac=ENC[AES256_GCM,data:ai11L30szetX9JMsD8OtWC0CF6wLVXoDVYQtGRCLyISdTOqLFs2pt9lxx0wsVxogFBHwv9gVZpfp2AY6WPV2TBlrnwhYy0R5CDERKQFn1mVlHwm7swkBDDXj9cKNYCaeAFa8h6z8jFbZjiHP86WTBXpJvGQ2ps4NzUHBaEassAQ=,iv:EHi0LRVRESsFp08LRydKsC4hEecgzuWmciT6ZGysIRw=,tag:SfXVtNK0oKdZeGEHNhar3w==,type:str]
sops_unencrypted_suffix=_unencrypted
sops_version=3.10.2
