AUTH_CLIENT_ID=ENC[AES256_GCM,data:aCX+GmF5avU=,iv:6ZoaeQA5bmFLhoX0EXf1B8cNMY7QLGFi+e7Qfc4ZpSc=,tag:eEcktBwfDUVBaZaz6rwGLA==,type:str]
AUTH_REALM_NAME=ENC[AES256_GCM,data:gEYdgFwq,iv:IHzN106nJ6ytRc5V3XXVpI7KyCBf1T0mpxZNXUv92UQ=,tag:awl9fypAnsNVD5fhZxIrfQ==,type:str]
AUTH_SERVER_URL=ENC[AES256_GCM,data:7sAVnw5KQ+PQp7YP2AiejXwMrvbd,iv:vHekdOgP1TFBYKHZPoo4opdZz4RG0rZsMNHoyjkllFk=,tag:skSGzEDfeeylz6XOSQuu6A==,type:str]
DATABASE_NAME=ENC[AES256_GCM,data:ZzE+KobJVHu9KQ==,iv:VgStyY8dr8FFbm/MRXnlpmL/RWX6C2kvLIbuG3XQqPk=,tag:jFgG+pzBE9zq0ub9qRaqSg==,type:str]
DATABASE_USERNAME=ENC[AES256_GCM,data:URSjD13u0VE=,iv:oZTUjjByH5eIPTCJTc1bhZ77TFqd8vt7n8SCoVTUKMM=,tag:yKgZFp2Z6m8+WFxmGsmlrQ==,type:str]
DATABASE_PASSWORD=ENC[AES256_GCM,data:va7N9LBy9lg=,iv:6gK+KB+8nH+vUqQkBK9fuG7wTyq8qi4alaW3f+cNscI=,tag:mcU0932cGDc/WiKIWnY+gQ==,type:str]
DATABASE_PORT=ENC[AES256_GCM,data:fxgTXA==,iv:H4VTp4L11A0qJZptF4hkjexRuKvNZ8LE3jtx37OhPqw=,tag:fGy/tcztLZHThGp5fZXiag==,type:str]
ENVIRONMENT=ENC[AES256_GCM,data:MoKsA/JtfaJ/kOg=,iv:/cbkG8+UPpBuGtna7d/+S3BCHLNMDERcLKqbSkyLebQ=,tag:cEwn487Rw9dfGjceoMHjTw==,type:str]
LOG_LEVEL=ENC[AES256_GCM,data:4yvj/y0=,iv:gbpOaDSZ9aqoyKdFjp/fmWnUSpW7FK/BTQhDoXtdI0E=,tag:jUGB0kFDFkMdiNlPgvpEhg==,type:str]
PASSWORD=ENC[AES256_GCM,data:rn1qFyM=,iv:2No8CZvU6IbLQeZMxVep9NKVNAgpGdPDoIEdgbjJIEM=,tag:Oj6iktIOD1zsk4oU1duR0Q==,type:str]
USERNAME=ENC[AES256_GCM,data:DRAHGuQ=,iv:EeRfr7oirlLq3yWUKjShom1natG/E1fUWJ9GLCv7+G4=,tag:Wm45s8opCj/0xbSiGdcyRQ==,type:str]
sops_age__list_0__map_enc=-----BEGIN AGE ENCRYPTED FILE-----\nYWdlLWVuY3J5cHRpb24ub3JnL3YxCi0+IFgyNTUxOSBNTnNoOWw1S28wd25uZ1I3\nYU54RXlRc0x5Qmlwd0lTWm1lUXNkM3RYOEJBClhCVHlMNXpBTGRTQ21JcmxnaHpi\nQ1p0bS9OSG42OWNwU0NWbEc4S25Uc3cKLS0tIGU4Und1V2k4QWZCMURsNWZ0T0Zo\ndS9BL2VIME14VFB3TlJQMzBCMENnaFUKGmg5rKPfzIQiesBU7dN8CN2KMAshRKJ/\nriGm5kwVqOTC/vZDpSiAGvPBRjmEv04C9D1oPV02Mfz7aN4JfIWv4Q==\n-----END AGE ENCRYPTED FILE-----\n
sops_age__list_0__map_recipient=age1mmg85phratgkv7fc9w22qafuwyq2h8rfpmrqn47jcvnn57dp79gsv038km
sops_age__list_1__map_enc=-----BEGIN AGE ENCRYPTED FILE-----\nYWdlLWVuY3J5cHRpb24ub3JnL3YxCi0+IFgyNTUxOSBPaElpL0xlU3ZhUEZwS2gy\nTklwQ0xoTFVxb1NvRjZwUjd4TVRWM1RzS0dvCmVqS2lhK01zRlRJbWJwNFlId28v\naUlUSnhuNzEzZW55WDhtNUl1TW5vQU0KLS0tIC96amdRdkdPK1JSQ2svamtrZUV3\nbXhQSXBGZktvOUUzNjYvZ3RSL09SREEKMCD1jomRXzqE4R99K5tfrmmcQLssDrNL\nSiN+NhUsISjZp0SgQCmhNGRao+R8LpOIhTO39zyNDqad769xLkb6GQ==\n-----END AGE ENCRYPTED FILE-----\n
sops_age__list_1__map_recipient=age19j34kscpqkt0c5f02qv597ht3vh6fqa7aysr70yq9v0rh2e8rymsgj057h
sops_lastmodified=2025-07-28T08:06:44Z
sops_mac=ENC[AES256_GCM,data:nRbXzaMrvWDMg3J5MRFP7d+Xr3DPyCByDMmO6/FOgnnbRzlsDtw9pvYpilKtKnPPHk3uf/H6hjJvVIGUs1cOsHaQd8+7Q7EQOKaBbC8bZ04zJw0K8Q0MkO2YYaUK5Id1xBtkO7ER+wfUvk3az8Bjo6KDwFlCVw3NkEat0LKUFqk=,iv:OLDMr6QNux8FRIgX3lK6AoEeA1Q6ylYqITN9g/eZaQY=,tag:jbgc1VndT60SoA4cQZMCdQ==,type:str]
sops_unencrypted_suffix=_unencrypted
sops_version=3.10.2
