ENVIRONMENT=ENC[AES256_GCM,data:KjGZY/QdVjTVdns=,iv:x8uJ+DMlm/jdSfQZVGrDbALJvhu15GikAxSfAta/2/Y=,tag:ZWi0nUCl1QNszcPp+YmGow==,type:str]
LOG_LEVEL=ENC[AES256_GCM,data:BJoRUyU=,iv:J866Q/UkDMY05wI/e6MFm+AOgMTmx1W8xCTqiS5Mcqk=,tag:W94Jcy68ZcmtglKzc/X8AQ==,type:str]
POSTGRES_DB=ENC[AES256_GCM,data:RexAWg==,iv:Lo0zHOVlTNycvVSiK0vW+bi5yfOqWGsXa/TuBpQSHU0=,tag:f1nnXIwBh7H2p9G+RbXs7A==,type:str]
POSTGRES_PASSWORD=ENC[AES256_GCM,data:mmJOMMY5ibA=,iv:/ZU9Dg4QKPJx2ebTNU4aNLvf6oKzcPp47eFzv5pjUKg=,tag:QIt+94az/Mvykyg65n7qUw==,type:str]
POSTGRES_PORT=ENC[AES256_GCM,data:UWgCIw==,iv:OKSIqJ1yXNmaGtlTyixgLFMUZhyTOJQTks7qD6ER8Ec=,tag:Y2VectbqC5v1XJpz3WaRLA==,type:str]
POSTGRES_USER=ENC[AES256_GCM,data:3/UMwFPsQFI=,iv:HkEASEsMIlzt2q1Kd+jqiza2P21ka0iRcj2dM8ibl4E=,tag:i38QFd57ODVVlZ1IhBF0PA==,type:str]
sops_age__list_0__map_enc=-----BEGIN AGE ENCRYPTED FILE-----\nYWdlLWVuY3J5cHRpb24ub3JnL3YxCi0+IFgyNTUxOSBVL0dId2I3ME82YTdOc2JP\nVFJ2czBlUDdHSStQZTBKcjR5VUhjc0N6NlhjCkE1MmtJZStOMlNyOHRSV1hnSldu\nTUhNODRjUU5Nb1JtTmlZckJzd01lajQKLS0tIEEzTU1KVFBESjBJNHkzaVgyWlc0\nZ1p6OFVFZHMrUjk2N2g4RFFHVkloWUEK1MwlbCBava/7w0+L6u0l32+V/4wKboeb\nj79GFhZtI4RC7GNHiIePILEhbGl1Jyc7Lyr7HTF/TsfqW2b1ONNIsw==\n-----END AGE ENCRYPTED FILE-----\n
sops_age__list_0__map_recipient=age1mmg85phratgkv7fc9w22qafuwyq2h8rfpmrqn47jcvnn57dp79gsv038km
sops_age__list_1__map_enc=-----BEGIN AGE ENCRYPTED FILE-----\nYWdlLWVuY3J5cHRpb24ub3JnL3YxCi0+IFgyNTUxOSA0a0sySFdrTTVVa0ZhM2tM\nUTVLdXl5QlA2YTNpR3pNNUU5aHFwMmRxcTBNCjQyaEZvYmJncVByOVk5TS9qRDFF\nY0xiU2dnVzN5b0grR0RqUVhhcGpqYlUKLS0tIGNKOTRFZ0VIZHdoVFNOMSsvTFBo\nYlRqNXR0Z3Jpb2RRd0NvMDBGNk0vc2MKRRoNyTWre052vqJtjwWCLFk/vdOOnZD1\noWjHtG0Fp5zrj29kjJ8M19clwUFR0R/vsXyih7QF0xfAEvVoYbfp8Q==\n-----END AGE ENCRYPTED FILE-----\n
sops_age__list_1__map_recipient=age19j34kscpqkt0c5f02qv597ht3vh6fqa7aysr70yq9v0rh2e8rymsgj057h
sops_lastmodified=2025-07-17T10:50:09Z
sops_mac=ENC[AES256_GCM,data:kdXzfvVDMTGHYTjKoDtuMu7a1LEGDsruTnqvH00k5dj8enC/SP7LPU5sy5zYyvqlzJGuSX0aehNb7lkMVMFj0/RryHOrtFiDM6PU3J1nq3bJffpzsjH1ptwa8vxIPNC7cGnY354rhHvINZJcFyifceOT+39QuYR6l1bf7rfWHbs=,iv:gDETF53aLS7guwFcDbc46oYQOgsBs5F8AIgf7vEDIZY=,tag:+lr1Dbw237oJ+yx2rXbVfA==,type:str]
sops_unencrypted_suffix=_unencrypted
sops_version=3.10.2
