CONNECT_CONSUMER_GROUP_NAME=ENC[AES256_GCM,data:d8cqgumbHhAtMDzkGg==,iv:1q17Y2YOGdTFu1XNlpigFgTqQf86SXY/1++x7rufoHc=,tag:7oqPSKQNwV0LZ3PjkeZOYA==,type:str]
CONNECT_DLQ_TOPIC_NAME=ENC[AES256_GCM,data:wyrBtf65+6spPoTWSGj5W9Y=,iv:opnqMJve7kvfHN2WGxLEGYfzsFreaJGmY7ep2vTPyFw=,tag:avHs45mw0JDHsz68Qox1Ig==,type:str]
CONNECT_TABLE_NAME=ENC[AES256_GCM,data:32nYH4U/,iv:ImwBIKC3cxrA5exSbWILz++pVSnn40s2iqhYVi+OyjI=,tag:IT16EZaqfmzNdHV+rC5p9A==,type:str]
CONNECT_TOPIC_NAME=ENC[AES256_GCM,data:S38Bkw==,iv:/3dxZ1vpXYIcUYCL34ncMi/FOG3TXAwZ8lkghqpwydE=,tag:b+Ntv8mM4PG6cJnypysxGg==,type:str]
KAFKA_PORT=ENC[AES256_GCM,data:a9LINA==,iv:gjeZsgxXurpGXTmG7RoBZFx8GOeXvKAvsryx2i9X1H4=,tag:24D0F4ptw6d3h1Bg7cvHqQ==,type:str]
POSTGRES_DB=ENC[AES256_GCM,data:cCXvhw==,iv:XHT+OmrmwUbxUq6SeY9OsGJTEZwfJToo9nUTCz6oQGE=,tag:TDqiTtngDdh2sKMEF3SHTg==,type:str]
POSTGRES_PASSWORD=ENC[AES256_GCM,data:KuJN/2HP5OA=,iv:OgxnZpUDCvmyqczWFDAvyYGsr7vYnIHwA+vKqz1+l9Q=,tag:y9LEU8ARQnPzrPHANyCVNw==,type:str]
POSTGRES_USER=ENC[AES256_GCM,data:Ut+1CriPx0Y=,iv:Y7T74YXgD3Pj3uun4HcXBQFQ7rm9dUecNzvEtvsH9yg=,tag:tJSGhLuOicB//gzf+NKh/w==,type:str]
sops_age__list_0__map_enc=-----BEGIN AGE ENCRYPTED FILE-----\nYWdlLWVuY3J5cHRpb24ub3JnL3YxCi0+IFgyNTUxOSBIR080OUhzUnhvK1YwRGUx\nd1kwb3NaK2wxdzNQcGd6RVFRaHJVUkRydTNVCjB0RVcvdUxFbTl6aS9EdTVDbmlq\nRzcwYWx2eXZvQzBIeTV1a0JkUmwzKzgKLS0tIDhSM1Jobmh0Sk9KWVBSTU9HNCtu\neWk4bG1KeHI0ZEtwaFg4L2ZpOFdpdXcKI3MOz/quRg20sNVH/fLYqIoolC7uTaum\n/GpjVCix2WjSNRI/lC8/aJccd2KD23YKdTDe/cDEddF2SkSajn1atg==\n-----END AGE ENCRYPTED FILE-----\n
sops_age__list_0__map_recipient=age19j34kscpqkt0c5f02qv597ht3vh6fqa7aysr70yq9v0rh2e8rymsgj057h
sops_lastmodified=2025-07-12T08:50:13Z
sops_mac=ENC[AES256_GCM,data:ticYLmDx+ITNk2IDQPWlvFPl/8ITf2HjsWqKKYEwzeuvbkn5c8b00dw4DgyagZlt7j5b2JUHMe5auS+y9KGX+FhWHH8ryVlNWFbaG3XH2UkJfnWc5SFx3agAgM+EGpCRw43zSj/HNevpnvZ11gsYFD3mn1Wf6qkrDKuLeGH8Cgs=,iv:YyAg00JG24KyFPu0l9E9VUNhW1Inh4gpBkR0U/nWgqk=,tag:UjxyFNZ8I2D9+QJip9UHWQ==,type:str]
sops_unencrypted_suffix=_unencrypted
sops_version=3.10.2
