CONNECT_CONSUMER_GROUP_NAME=ENC[AES256_GCM,data:nnbasEeoGI5uQGpmKnT4z3KW/hYRW90hwyFSgiNUOA==,iv:LNo/o0z7DkUz6pHM4vvQj17aH5pPZ+n/um5DKC4U3dM=,tag:lfLd7H7ZmyvFu6A+ii3muQ==,type:str]
CONNECT_DLQ_TOPIC_NAME=ENC[AES256_GCM,data:EGzoR0venQy0Tfmc2+/9y83cfq0=,iv:yzJJXJaeg8h50SVPnEeS6IpOH3kVep6quZkDXYpLQlA=,tag:sumyqfuo4XZEzdniake/wg==,type:str]
CONNECT_TABLE_NAME=ENC[AES256_GCM,data:DosNy99P,iv:dGh47VUeRJEJ2PcGeDjCmjvzVs1Uqclf8e+a0JposlQ=,tag:9qk00cuY2uDdg4wdmY7GCA==,type:str]
CONNECT_TOPIC_NAME=ENC[AES256_GCM,data:scRqSe2TLqGbphZUPHUMBQ==,iv:D7i1prIX+rQ0gojbYfDRqQHHGnf2sSiIC3PUaIhtVQY=,tag:W97HuuRKdYOmc1U5TSKPXg==,type:str]
KAFKA_PORT=ENC[AES256_GCM,data:vxMTPw==,iv:aHn82ZuW6J7BdfSoihtTQ2/4SSHmkj0XgkmMIdko6SY=,tag:0PZ8MtlSqBXw+pAUS9rPEQ==,type:str]
POSTGRES_DB=ENC[AES256_GCM,data:+HlOZA==,iv:PsyPN7y7R3T2uFYYSFUjhQSRxBConeAMzNmk0LTGObA=,tag:T6lOssea/cVLZJzBkvstsw==,type:str]
POSTGRES_PASSWORD=ENC[AES256_GCM,data:Csi7EIC8SWY=,iv:goo9WSoPFJHr/W22lkYGOyybaIQGWXHQGW72lQ33tQ4=,tag:uUdATVreo23wiECWObX9mw==,type:str]
POSTGRES_USER=ENC[AES256_GCM,data:X+u18MNHhAg=,iv:7MS2bWMZRZuWAhvpyx8aQ6ySBP8VJKlMlMch9Z4buA0=,tag:KMH+lxQn94IH9GdLL5PUDg==,type:str]
sops_age__list_0__map_enc=-----BEGIN AGE ENCRYPTED FILE-----\nYWdlLWVuY3J5cHRpb24ub3JnL3YxCi0+IFgyNTUxOSBSdEVWdnRRRXlTc0lHTXBT\ndjBxcDFwZXp4TCtNTTRTeDRiQjRDbDZlTHhzCmdORGttck45N3QwVGtuczJ6QVBn\nM2xMNWR0SmkwOC9TMFVsbUEzaStzOEUKLS0tIFIyVHNieTBlN05sVkt2Z3JUdEFk\nREpnTk9iTmVDSk9WTUNqYW5TZ2ZVQWMKguk7NIlBl7oJO3bCzhBLrNaAuMqu7euI\nSOc+rS7bp/3kUsjzeWi2FmAkMghG0HogSgd3E2j/AmeSQD+Q13hOKg==\n-----END AGE ENCRYPTED FILE-----\n
sops_age__list_0__map_recipient=age1mmg85phratgkv7fc9w22qafuwyq2h8rfpmrqn47jcvnn57dp79gsv038km
sops_age__list_1__map_enc=-----BEGIN AGE ENCRYPTED FILE-----\nYWdlLWVuY3J5cHRpb24ub3JnL3YxCi0+IFgyNTUxOSBMREhwK0szYUx4UGx3SGVY\nZWFqVDk3OWV2VzlxRkh5VkpuZ1lhZW1paEYwCnlhL3loNmFKdVRMOVdCUGsvQmF5\nWStzOFd3aHR6ODBKc2tNYlp0emYxOXcKLS0tIFpaMi9lNVl4K3d3c0Iwa25JWEk1\nNWxmMHlYWGx3bEhSbXZBYURVSSt4MXMKBPfyLTNL69nxLoP8cZyfsO2HFVfehmHv\nM0PV0T8NzaR+ZUCvmVGWszsGxQXzrkjLMTXEMo9vEJZObVtkiHRIMg==\n-----END AGE ENCRYPTED FILE-----\n
sops_age__list_1__map_recipient=age19j34kscpqkt0c5f02qv597ht3vh6fqa7aysr70yq9v0rh2e8rymsgj057h
sops_lastmodified=2025-07-13T07:35:02Z
sops_mac=ENC[AES256_GCM,data:qKd2uLhnCScviKNnpLyNny02a+d4cXO+/shEe3SeEkd1nE5xBWJ0CqgdRgnuFBkcIEK9or0huDawhxArsxbo5f+DwYLmhVC5iUy0ySLXxicT9IPni6pRjVWm9JHj/CtPL3L5EzN51646RyLxeXKYKc1zyES9TA4/Ep50Y5KRePQ=,iv:3dlYiO+JMKLM4yLiN+f25cU/F0CWi/BZHepMyWoXvz8=,tag:t0jaPdTp/39eu9b+AXl5hA==,type:str]
sops_unencrypted_suffix=_unencrypted
sops_version=3.10.2
