CONNECT_CONSUMER_GROUP_NAME=ENC[AES256_GCM,data:72DsCBY0wkZM8yookQ==,iv:ohI6+n1Y67lOCrvZOhvXQQ+ngrNkwGivhzvmj/HmBqY=,tag:LzC1tan+Q8dO0p061BRUIA==,type:str]
CONNECT_DLQ_TOPIC_NAME=ENC[AES256_GCM,data:APEurTwb9vycYNsT2LNWhcQ=,iv:qI5GYH2E+/UqLZrnNkr1GeT9EPvfa8GeZwrq3DL4sNQ=,tag:CmKpWGQJATxAAFBMIy3VYw==,type:str]
CONNECT_TABLE_NAME=ENC[AES256_GCM,data:sKl4WZ5p,iv:MYRYqTiw68D1vaxQmbeQ6RtnY5rfzIZWrwgLjTeET6c=,tag:/g3Cvb5Re3aGXN0MX0dnpg==,type:str]
CONNECT_TOPIC_NAME=ENC[AES256_GCM,data:ljpFUg==,iv:5Ke0OT54u8jqjjbXEogWFXgUGZv2ulZkIR/nnSOME9A=,tag:MU+7Hx8S/M0ByIsWMoP5gw==,type:str]
KAFKA_PORT=ENC[AES256_GCM,data:iqyUlw==,iv:wUJWHfMRAHQnGpDoN2KoW4qDKy0ZmqFFrvVA0KgWXWI=,tag:o3ShYG+rQB2a4hPiUoUZKw==,type:str]
POSTGRES_DB=ENC[AES256_GCM,data:WeI+ag==,iv:VKb/Zduu9SkL9MD/hZYtZ14Jl2s/Jgx36iuipoPhB0Q=,tag:fnxJ+p/JAhbPgpTOGeRTpw==,type:str]
POSTGRES_PASSWORD=ENC[AES256_GCM,data:Con2Hf7nHTw=,iv:ZK6TCJb3ZWJDq/jnOqSrs4BAkGarM6CIjrTM51R1Z4s=,tag:yK7vJd0kb2emF0NbC5rn/g==,type:str]
POSTGRES_USER=ENC[AES256_GCM,data:TNQDxSvxVso=,iv:RbLk0a1oCdWGNN3AkhF60IK70qykRX9QEk+YhNWmN6Q=,tag:VbM8J97ag/U2EFk/p3ndtw==,type:str]
sops_age__list_0__map_enc=-----BEGIN AGE ENCRYPTED FILE-----\nYWdlLWVuY3J5cHRpb24ub3JnL3YxCi0+IFgyNTUxOSBXZVdQMGwzRTFSSG1hTTU4\naWp1ODVtbGZ1MVFQajN5T0IwM2Q3RlNrT1h3CmhNdm9kWkRsOWdUWTJGOEdta2NX\na0FNTXJQeDJvLy9UQkRmT2FuTmN1eTAKLS0tIFBKTjlyYTF4VjlmYlVlN0YrYnU1\nRE1CdExLckw1dmowS2RLZk83TEpLTW8KnZTH5lZd8XttlcjZkAcSg8oBexwlHtC+\n1ExTzzUUOs/g9W+WP1gJw80LB5e5id6rB/cH6OZX6GX+4smaxRz6uA==\n-----END AGE ENCRYPTED FILE-----\n
sops_age__list_0__map_recipient=age1mmg85phratgkv7fc9w22qafuwyq2h8rfpmrqn47jcvnn57dp79gsv038km
sops_age__list_1__map_enc=-----BEGIN AGE ENCRYPTED FILE-----\nYWdlLWVuY3J5cHRpb24ub3JnL3YxCi0+IFgyNTUxOSBCNURUMjUwSU1LTStOYTd4\nWDBZZjhlZFJ0L3EzRmdwWFAyN3RwM0JldmtFCkZhUGZES1kxY1UyN3M3V2lnNzJz\ndVVEREJhbFRDNUw5RTN0YVBHZ0lMVmMKLS0tIFlYdi80aXh2UjZDRUwwa3Avei8z\nN3J0Q3JQaGVkZEFCRkhiMzd4TURPNG8K8qlcrIL5CHUWQXzDmI46mXDy1qsWMkwv\n2ILEzOfjXeTZu4emUvBVJBLPUUP/g8foso/U4p2zqk0yVMNW/7F9iw==\n-----END AGE ENCRYPTED FILE-----\n
sops_age__list_1__map_recipient=age19j34kscpqkt0c5f02qv597ht3vh6fqa7aysr70yq9v0rh2e8rymsgj057h
sops_lastmodified=2025-07-12T15:01:54Z
sops_mac=ENC[AES256_GCM,data:e9tqR2A9YVsXaudPDDE2G7DUISX4p28s2fhtc8Hrm8pbDRY9KdBsjEwxRYGBaowiOshlm9RyiLbNJ+c+mBdEua5XCL0HNr55HFP5dZbeOz6p8j92eZFZRlwV7IjvH6Rlf7DVt1O02rdFjtwxc25WUtDGyNxJkeI07mvj7OeDRE8=,iv:Ew+ShlYrAHEvbAXadgurfaRb3XJmkU7AJ7BhHLd7hzk=,tag:Sdq13o+vC+0e3LUF6Ly2xw==,type:str]
sops_unencrypted_suffix=_unencrypted
sops_version=3.10.2
