AWS_REGION=ENC[AES256_GCM,data:lOgCZ3wDE5Y5LbA=,iv:ZZoJ6rknXFISlc0l5U4W9wk9aN/iK0xc+aQmJ06iD10=,tag:BljeyAGmrpxcGwf3WqOxBw==,type:str]
KAFKA_TOPIC_NAME=ENC[AES256_GCM,data:WT0SE7GKWnN6B0hVP+DTUA==,iv:fccgGVzg5hHZoejL1k83R7/+BsfR8o79W2goajoQ+zM=,tag:YRxZ+WpssfJ08n8ZhOzTZg==,type:str]
KAFKA_PORT=ENC[AES256_GCM,data:feHF4cSZ,iv:ZZ00ASkR4SLr5RAXFrh2DtUUAiCcfq1MoKu2AXKs/04=,tag:CwJT62laRUvSsPlb/Qq53g==,type:str]
LOG_LEVEL=ENC[AES256_GCM,data:XraoNKv/5Q==,iv:DVqYWtSVg/Cv/U0rDwrg86PCpkLKTLKxbOGOqdYcjKM=,tag:zbmnL57rH3P+q0HOSFJnjQ==,type:str]
sops_age__list_0__map_enc=-----BEGIN AGE ENCRYPTED FILE-----\nYWdlLWVuY3J5cHRpb24ub3JnL3YxCi0+IFgyNTUxOSBOVUFYbUxGODBzR3NpWExy\nTmUxTFZaVmV3ZjVQSXBiUXNZYTFRNzV6WHpBCmYveXdaS2QvdVBDazdCOFpEQ3p3\nS25sNkZJVm5QanJNNWtwRmhWeHNaMGsKLS0tIEFYR3AraWxOYWxkcXRXNmFncm1Q\ndlU1RjBJN1ZVOVlrSjJ3b1FDcVcxVU0KOgHzOu4Hw+N1ianNbgA+qw4ZXQVIPGh+\nNPn5Zr7eciB/HwAq4VzsEADh7HWX/6HY4UZyjNHyDKAXeA8Y+7ik7Q==\n-----END AGE ENCRYPTED FILE-----\n
sops_age__list_0__map_recipient=age1mmg85phratgkv7fc9w22qafuwyq2h8rfpmrqn47jcvnn57dp79gsv038km
sops_age__list_1__map_enc=-----BEGIN AGE ENCRYPTED FILE-----\nYWdlLWVuY3J5cHRpb24ub3JnL3YxCi0+IFgyNTUxOSB2MzdkVm1MMTQzRE50cWpo\nT0lkYTR4alVmcTlzS0Nid2ZqRElmTUlsYWdJCnc0Ti9PNVpnYzV3Q3pNYjhSaDk1\ncS9leStYdlE2SWc2U2w4SSsrNGp2elEKLS0tIDA3YkZXYkdhSUxtOGp4TEVlMDFP\nRmt6bnU4ZFVBa2Job2VTVyt1b284Y3cKdwl2gQGRV+R3YKerOyWXUiqWqssP0vWo\n4RX2AtKe+PjHKulAEGR7sLjKtTtvTyalRmvRp9BgJVbPleNgC5QKyg==\n-----END AGE ENCRYPTED FILE-----\n
sops_age__list_1__map_recipient=age19j34kscpqkt0c5f02qv597ht3vh6fqa7aysr70yq9v0rh2e8rymsgj057h
sops_age__list_2__map_enc=-----BEGIN AGE ENCRYPTED FILE-----\nYWdlLWVuY3J5cHRpb24ub3JnL3YxCi0+IFgyNTUxOSA0aWh5UTNpR3RxMDc2bjNn\nOFlrMTVQZnYxc2x4NUx0VSsyRTRva1dEZUcwCjhaTENtRDR0UXAwVmNLTnVxMXlz\nRVZ2NmxkSGpWSi9PakNBMUNJc0dRZjgKLS0tIFdxT2lxM1Z5cTQ0YzU1U1BMN2Vy\nZ0kzNTFjSGJ5cHhWaFJSb1dxYzlHeGcKI4MaeifiqzDc7F4JWIcqJsubzKoclxgq\n5YeX1+bkAPmpFJB9zu6er7IN/laK+z6macTHt8KJDrDZNMDQ8wkNlQ==\n-----END AGE ENCRYPTED FILE-----\n
sops_age__list_2__map_recipient=age1uttv8shzffrlnld96zeq7pqlpmahv3q7w9f3jndm0an20t355ssqydyy8s
sops_lastmodified=2025-10-02T09:10:15Z
sops_mac=ENC[AES256_GCM,data:q0XbgjnYBXW4PRDxgoSu2q4O1ijf2W7YJYjtGQA/BanCfWh3gYboqEIiluygb0lFywR3CmEH3U4sz+f+yLS/EEBA+lg+rZnaycO0nAMG0i1u/Mc5lCewyFMtS1XaeDkxuyQWlkk/NoJSVuU17eNcJ3bKm90T81rAMxZ7xcIxjLM=,iv:niRJ9nWJpel/FETLS5scU5hHlFk0O4GZ80xoB+uUnkU=,tag:BEymRo/B8LzxaHvA2aHwLw==,type:str]
sops_unencrypted_suffix=_unencrypted
sops_version=3.9.1
