AWS_REGION=ENC[AES256_GCM,data:XFSYf9D7F30R77I=,iv:rTNF9oyWzWzUTer0/PodMRE1xpBu6sa6k8RVs/TpC+0=,tag:b7WEqppvftH64T0Kh09wGw==,type:str]
KAFKA_TOPIC_NAME=ENC[AES256_GCM,data:AKCIWr66H3fc8LxjjQ465g==,iv:nXo2xezTTKG3sb90ns/Ins2L/o3VW3IDGjDJl02HilY=,tag:k/0J7cx+kqFtFUpJ7FToMw==,type:str]
KAFKA_PORT=ENC[AES256_GCM,data:NNg0h7Jn,iv:K93pMv2lGfLyjEOQaXBkG0LgPjKKFa1Q8zZA5c+vAGk=,tag:nLklMiSjOm2SFZuemPDCoQ==,type:str]
LOG_LEVEL=ENC[AES256_GCM,data:fWbrZ59j5g==,iv:rkksaDkYlr8vS0aGu6zm06bVxRofySiSi2haMFXlvYM=,tag:5GRrmuLaaPwkgqz7LTV5+w==,type:str]
sops_age__list_0__map_enc=-----BEGIN AGE ENCRYPTED FILE-----\nYWdlLWVuY3J5cHRpb24ub3JnL3YxCi0+IFgyNTUxOSBlVENNcThBWG9IV2wzd1NT\nRDV5TUpvdG5kOXhjZ21PeEdUYUJERWY3ZmhZCk5oSWxkaGdWSk9HekVUMzViWlFm\ndERTWmRVNmlJc1MrTk5icEpnNm5CaG8KLS0tIG9pc0NqMDFBOExWS24xL2VYR21P\neVVPUDZDNEJGaTdDOGpnRHZTeFlvYWsKTnWUUTr6djqcZDqAz4XttQkmim+FtpUa\nHBgX5jlRYU9HVtlWpLrMHy8LrsZLWd0UgclfpGweF/9CTptd2HHPYg==\n-----END AGE ENCRYPTED FILE-----\n
sops_age__list_0__map_recipient=age1mmg85phratgkv7fc9w22qafuwyq2h8rfpmrqn47jcvnn57dp79gsv038km
sops_age__list_1__map_enc=-----BEGIN AGE ENCRYPTED FILE-----\nYWdlLWVuY3J5cHRpb24ub3JnL3YxCi0+IFgyNTUxOSA2Rm84YlFjRWxkaktVMmF1\nd0FOL2ZKcUZUbFdhMHRZTnBBa29yWTZKaVFNCkFIQlZQZUtkbWI1cWZVcHZyTUtH\nOXRnOXZrc3MvMWJxZ1NPS000SHpHWkkKLS0tIENyTzJyZnJZL1FqSkxESHdqNXQx\nZWZWaGRydExLczB6bEVOOVpxQWx2WFEKpHjrbIwK0qCBBMBIkeIZ8seTZaUTkwuf\ntzogKRxXg4Htl3x3VIiYH4o002wnffdMPgM188IdB1niFjf6anGTHw==\n-----END AGE ENCRYPTED FILE-----\n
sops_age__list_1__map_recipient=age19j34kscpqkt0c5f02qv597ht3vh6fqa7aysr70yq9v0rh2e8rymsgj057h
sops_lastmodified=2025-07-17T04:53:23Z
sops_mac=ENC[AES256_GCM,data:ZxU4pV5ZzB0NFiqsOBtgFdz3KR2cSZV/neN4bDR1ETw6u+iEjO83C4lAKxF+4rHNvXInSXm4qyYK0o6tTwB1+g/5dLVBOytEzOhAtD/hOUqjORsHGuFTx3DOh9xK/kRBM4bW6MxGhBWdumFhJnnShSC6h48IpPbKbRe822NMZE8=,iv:55N8d+X+WBQ4crdgxJpILaCwzw8VSNNLw2Prf2Lm8JY=,tag:NuGVEvCyCuGEPRnzFw58cQ==,type:str]
sops_unencrypted_suffix=_unencrypted
sops_version=3.10.2
