DATABASE_USERNAME=ENC[AES256_GCM,data:etat0oWqzhk=,iv:P07xgV3+4cLNri3S83QAT/l9gfhTsIyoB8Pveo5oKD8=,tag:DlWqF9xysd7SSp3QFZ/TQw==,type:str]
DATABASE_PASSWORD=ENC[AES256_GCM,data:Uuuv/CKcb1lIF2qCQDM=,iv:K1EkBWLatVoMo3nueDs+Hyz6vEpb00mnKH+yeaiD1nI=,tag:nHuAhvkHzPeDQy2UBPj1/g==,type:str]
KC_BOOTSTRAP_ADMIN_USERNAME=ENC[AES256_GCM,data:NwjoKc4=,iv:A6cTxvIEW1abxzD/QioMJCu52wRCkOUkIQRk7AoYMtM=,tag:vuUwPIrk7Z972dLUFym/rg==,type:str]
KC_BOOTSTRAP_ADMIN_PASSWORD=ENC[AES256_GCM,data:dXAmzQo=,iv:TXCVJp3UkE7qEt92ShjC06rkVX1nUC3q+zmgYbIIYtI=,tag:KUOn56yIQVmhLtyKjo+JUw==,type:str]
sops_age__list_0__map_enc=-----BEGIN AGE ENCRYPTED FILE-----\nYWdlLWVuY3J5cHRpb24ub3JnL3YxCi0+IFgyNTUxOSBhVmRtV1dGbThVaHMxUzZv\nYTEwVmZ0c3F1TURzemtGOXlUZG12QzM2M0U0CkZmeXh1Sm5KWFVENEJsc2o5ZGlF\nVjZxakVkN3gvdTFKcVRRMmlONUJFSm8KLS0tIFJnYnpTWDJXYXRMa2pRSFRLQmQ1\nS3BxN25mSUlVOVpiUW9RcE9LRWVwNVkKKV3w5Pj4dmoFbzyFTjZzEbbbv2aGyWIx\nIt72DhIbf61WxWlfivQFjr8JpLJED5Nlv0QoI2f0MyYBte4LuPIFxw==\n-----END AGE ENCRYPTED FILE-----\n
sops_age__list_0__map_recipient=age1mmg85phratgkv7fc9w22qafuwyq2h8rfpmrqn47jcvnn57dp79gsv038km
sops_age__list_1__map_enc=-----BEGIN AGE ENCRYPTED FILE-----\nYWdlLWVuY3J5cHRpb24ub3JnL3YxCi0+IFgyNTUxOSA4MnkySGVzbEhERVk0NUlp\nMkNuWmM1RUc3ckgycWhyTENwVTEzM1FuN1RNCkdSZ2oxQ2VhTmxNZjNhYytPR2NP\nSnN3bUlwK1kxdC9RK3pPUjg4ZFFjR0kKLS0tIFpvdWJzSzVYajRxemtYUVhxZTZK\nczNQWU1kZ3VWMExsZUtmYlJ5N2IyVVEKkAjI7oRxt58pDlkBrV6/2T+V6m8cbE8y\n0aOVvnbJkflznvHbQ9PBBVbmETx6di7spO1yzjsiPBpfHWE8DkitBw==\n-----END AGE ENCRYPTED FILE-----\n
sops_age__list_1__map_recipient=age19j34kscpqkt0c5f02qv597ht3vh6fqa7aysr70yq9v0rh2e8rymsgj057h
sops_lastmodified=2025-07-26T03:47:36Z
sops_mac=ENC[AES256_GCM,data:NcX6KiPg9Sk7Mko2oX8CzzQMAsHmqDZXZ6USjneu/xXWzliLqTHowziidchRqzn7nvmRxo7fQJoTu7M6EYKN+ZEzRhPOfk3q63T//T9FfaTMW57lXVHuUaRYVF0xp8e/wFg/pypskiTSU655D8jR6vGwpfTKJae9gPRl4SkwL00=,iv:E4l95bMMKshwZedkWnwfNBlrOAIkgbFaT+c1DGNXjSQ=,tag:V1uTZEXBs5mpPWmPkIZM1w==,type:str]
sops_unencrypted_suffix=_unencrypted
sops_version=3.10.2
