AUTH_CLIENT_ID=ENC[AES256_GCM,data:k/pMMieilP0=,iv:GPxD22hDOWQ1PntxOpCAHhIi66d+BUumxpnXMYOgal8=,tag:+HolCa1E8S52jq0JRxJrpg==,type:str]
AUTH_REALM_NAME=ENC[AES256_GCM,data:MwnylR6i,iv:pBMrhiIUcK6Pkf8fIjrWNiqV9PsptYcoOZLabJjMcbA=,tag:NpaTLMx+0PLCwem9N81wrw==,type:str]
DATABASE_NAME=ENC[AES256_GCM,data:HyeA9e+NwHh1DQ==,iv:nxjyaGnMZ3hCrtjT1ED2fssPNWI65uOgwMCLbSKUvlw=,tag:pNqKp5ov6CMxn02pOkLH3Q==,type:str]
DATABASE_USERNAME=ENC[AES256_GCM,data:J8j9SMAL9Q8=,iv:1qxUt9EE93T1fFMVS92I5oMyB6gVqn8Egyep0JLNYVo=,tag:5y5ZzzsQG6zHvJVdVNuMkw==,type:str]
DATABASE_PASSWORD=ENC[AES256_GCM,data:J5KYPyr+UrA=,iv:rKH7/aMDVcGHClNUx7eTN4zRiVf4m0dlTGNPTk0uy5w=,tag:BVMpDvgiMR2dpI5+RUqUTg==,type:str]
DATABASE_PORT=ENC[AES256_GCM,data:ue/SYw==,iv:Ky7E9kpxx3TrwHFCu69BuJnH0ZbQdd1ppzdFCSfXxW8=,tag:nK8YUPwUzOp6IrDbl0QO4g==,type:str]
ENVIRONMENT=ENC[AES256_GCM,data:/jn9TAmyXYzLNKA=,iv:ioui39FcwRHipT8hkWuW4c697ziJodB3C+VZBKvCwm0=,tag:7Fv+Z4eEoNCYDjPL7NUNmw==,type:str]
LOG_LEVEL=ENC[AES256_GCM,data:b3XdADU=,iv:73t+i21d1uavSyE7J1Cj4sJdKh3HayIvu7+hyeZS+Ts=,tag:2ZRgl0H1VnuF+w/7RpUMuw==,type:str]
PASSWORD=ENC[AES256_GCM,data:npWSrfA=,iv:b5hwtAKzGD124tf9L6xex41xhmZ4PpvPHm/jzzdYm+o=,tag:9WbLD10wpbsr81UtziV+ZA==,type:str]
USERNAME=ENC[AES256_GCM,data:1fiiUP0=,iv:dNBYvN4HoUvQQJJW4lHAzteWQvBvuuSre4hJ4GEMibc=,tag:PYfs60TjfFCzlqZTC3PcDw==,type:str]
sops_age__list_0__map_enc=-----BEGIN AGE ENCRYPTED FILE-----\nYWdlLWVuY3J5cHRpb24ub3JnL3YxCi0+IFgyNTUxOSBtQUhxT0M1a2g0a01ZaDZs\nMjViUXZpVm5ScFlQWGxySkkvK3N3dlFNQ2xBCm1CS0xXUTRDbXgyZStQa2k2N2RN\nOC9jaDNaaUdsQzFpV3dNemx2T0RhelUKLS0tIFBwRnN6L3NsOU5KL09meDlZaW9l\nekZ1aHNCMnV5SHVHYlIrYnR1ZG9TQmcKid2M/H071F03elejZ92rgRRjJilteuVU\nmRhemwSp7HDyiM9UYAdvPnqJuY+rzOF32yQ/MGQoAxzO8fmbi8Lm7w==\n-----END AGE ENCRYPTED FILE-----\n
sops_age__list_0__map_recipient=age1mmg85phratgkv7fc9w22qafuwyq2h8rfpmrqn47jcvnn57dp79gsv038km
sops_age__list_1__map_enc=-----BEGIN AGE ENCRYPTED FILE-----\nYWdlLWVuY3J5cHRpb24ub3JnL3YxCi0+IFgyNTUxOSB4QkVBZktoYUtFbGg4cmM5\nNmluZnR0a0duWGRiM0ZHODBHVHZicng0SkRjCkpNb1RSTmR1RVVNU2RxT3BpU3dx\nZmhaa3dXUDdua29vL0lZdkFHZ1NMcDgKLS0tIDRCdlBWTW9sRlJWMXlzeDZGWmtp\nR2FONmhkS1V4bDlpOXJGUnVGOGNCMHcKyZEStIMW9iNm2C1TbOPSKSTc2SAgX61e\nOIEM844B4E1i/HgKUD/75+S9cisB3naVmm1UaCv8u/lxWfHsyCTpOQ==\n-----END AGE ENCRYPTED FILE-----\n
sops_age__list_1__map_recipient=age19j34kscpqkt0c5f02qv597ht3vh6fqa7aysr70yq9v0rh2e8rymsgj057h
sops_lastmodified=2025-08-04T08:01:00Z
sops_mac=ENC[AES256_GCM,data:JAp7/F6fwHVSCVLyMe5OoowG8RKM+dS7z63N7JuORemM5rN4bv+Xs/Oe3wgAJhejDmLQBS2Zq48++h0GxN6KY4Hgje3z8SrkxZzgaenMIY2gCO4PlTz1Vk/lQNxFXLJwrge8oBpckX0A/OFevtrGMIv0HHg/jobjK4XepUEXaGM=,iv:TvtJnDPlpIBtIoLwrpF81GW04atwcEcHCEM4wAPXqFM=,tag:gszFqLJMN0rrZxuzkW9Hfw==,type:str]
sops_unencrypted_suffix=_unencrypted
sops_version=3.10.2
